// !$*UTF8*$!
{
	archiveVersion = 1;
	classes = {
	};
	objectVersion = 50;
	objects = {

/* Begin PBXBuildFile section */
		1256EC4720D04D2500652AF0 /* Player.swift in Sources */ = {isa = PBXBuildFile; fileRef = 1256EC4620D04D2500652AF0 /* Player.swift */; };
		1269771120CA070E000C17E0 /* AppDelegate.swift in Sources */ = {isa = PBXBuildFile; fileRef = 1269771020CA070E000C17E0 /* AppDelegate.swift */; };
		1269771320CA070E000C17E0 /* WelcomeScreenVC.swift in Sources */ = {isa = PBXBuildFile; fileRef = 1269771220CA070E000C17E0 /* WelcomeScreenVC.swift */; };
		1269771620CA070E000C17E0 /* Main.storyboard in Resources */ = {isa = PBXBuildFile; fileRef = 1269771420CA070E000C17E0 /* Main.storyboard */; };
		1269771820CA070F000C17E0 /* Assets.xcassets in Resources */ = {isa = PBXBuildFile; fileRef = 1269771720CA070F000C17E0 /* Assets.xcassets */; };
		1269771B20CA070F000C17E0 /* LaunchScreen.storyboard in Resources */ = {isa = PBXBuildFile; fileRef = 1269771920CA070F000C17E0 /* LaunchScreen.storyboard */; };
		1269772420CA0CAB000C17E0 /* BorderButton.swift in Sources */ = {isa = PBXBuildFile; fileRef = 1269772320CA0CAB000C17E0 /* BorderButton.swift */; };
		12A8934920CF74D20078D12C /* LeagueVC.swift in Sources */ = {isa = PBXBuildFile; fileRef = 12A8934820CF74D20078D12C /* LeagueVC.swift */; };
		12A8934B20CF74E20078D12C /* SkillVC.swift in Sources */ = {isa = PBXBuildFile; fileRef = 12A8934A20CF74E20078D12C /* SkillVC.swift */; };
/* End PBXBuildFile section */

/* Begin PBXFileReference section */
		1256EC4620D04D2500652AF0 /* Player.swift */ = {isa = PBXFileReference; lastKnownFileType = sourcecode.swift; path = Player.swift; sourceTree = "<group>"; };
		1269770D20CA070E000C17E0 /* app-swoosh.app */ = {isa = PBXFileReference; explicitFileType = wrapper.application; includeInIndex = 0; path = "app-swoosh.app"; sourceTree = BUILT_PRODUCTS_DIR; };
		1269771020CA070E000C17E0 /* AppDelegate.swift */ = {isa = PBXFileReference; lastKnownFileType = sourcecode.swift; path = AppDelegate.swift; sourceTree = "<group>"; };
		1269771220CA070E000C17E0 /* WelcomeScreenVC.swift */ = {isa = PBXFileReference; lastKnownFileType = sourcecode.swift; path = WelcomeScreenVC.swift; sourceTree = "<group>"; };
		1269771520CA070E000C17E0 /* Base */ = {isa = PBXFileReference; lastKnownFileType = file.storyboard; name = Base; path = Base.lproj/Main.storyboard; sourceTree = "<group>"; };
		1269771720CA070F000C17E0 /* Assets.xcassets */ = {isa = PBXFileReference; lastKnownFileType = folder.assetcatalog; path = Assets.xcassets; sourceTree = "<group>"; };
		1269771A20CA070F000C17E0 /* Base */ = {isa = PBXFileReference; lastKnownFileType = file.storyboard; name = Base; path = Base.lproj/LaunchScreen.storyboard; sourceTree = "<group>"; };
		1269771C20CA070F000C17E0 /* Info.plist */ = {isa = PBXFileReference; lastKnownFileType = text.plist.xml; path = Info.plist; sourceTree = "<group>"; };
		1269772320CA0CAB000C17E0 /* BorderButton.swift */ = {isa = PBXFileReference; lastKnownFileType = sourcecode.swift; path = BorderButton.swift; sourceTree = "<group>"; };
		12A8934820CF74D20078D12C /* LeagueVC.swift */ = {isa = PBXFileReference; lastKnownFileType = sourcecode.swift; path = LeagueVC.swift; sourceTree = "<group>"; };
		12A8934A20CF74E20078D12C /* SkillVC.swift */ = {isa = PBXFileReference; lastKnownFileType = sourcecode.swift; path = SkillVC.swift; sourceTree = "<group>"; };
/* End PBXFileReference section */

/* Begin PBXFrameworksBuildPhase section */
		1269770A20CA070E000C17E0 /* Frameworks */ = {
			isa = PBXFrameworksBuildPhase;
			buildActionMask = 2147483647;
			files = (
			);
			runOnlyForDeploymentPostprocessing = 0;
		};
/* End PBXFrameworksBuildPhase section */

/* Begin PBXGroup section */
		1269770420CA070E000C17E0 = {
			isa = PBXGroup;
			children = (
				1269770F20CA070E000C17E0 /* app-swoosh */,
				1269770E20CA070E000C17E0 /* Products */,
			);
			sourceTree = "<group>";
		};
		1269770E20CA070E000C17E0 /* Products */ = {
			isa = PBXGroup;
			children = (
				1269770D20CA070E000C17E0 /* app-swoosh.app */,
			);
			name = Products;
			sourceTree = "<group>";
		};
		1269770F20CA070E000C17E0 /* app-swoosh */ = {
			isa = PBXGroup;
			children = (
				12A8934720CF73220078D12C /* Model */,
				12A8934620CF73180078D12C /* Controller */,
				1269772220CA0C51000C17E0 /* View */,
				1269771020CA070E000C17E0 /* AppDelegate.swift */,
				1269771420CA070E000C17E0 /* Main.storyboard */,
				1269771720CA070F000C17E0 /* Assets.xcassets */,
				1269771920CA070F000C17E0 /* LaunchScreen.storyboard */,
				1269771C20CA070F000C17E0 /* Info.plist */,
			);
			path = "app-swoosh";
			sourceTree = "<group>";
		};
		1269772220CA0C51000C17E0 /* View */ = {
			isa = PBXGroup;
			children = (
				1269772320CA0CAB000C17E0 /* BorderButton.swift */,
			);
			path = View;
			sourceTree = "<group>";
		};
		12A8934620CF73180078D12C /* Controller */ = {
			isa = PBXGroup;
			children = (
				1269771220CA070E000C17E0 /* WelcomeScreenVC.swift */,
				12A8934820CF74D20078D12C /* LeagueVC.swift */,
				12A8934A20CF74E20078D12C /* SkillVC.swift */,
			);
			path = Controller;
			sourceTree = "<group>";
		};
		12A8934720CF73220078D12C /* Model */ = {
			isa = PBXGroup;
			children = (
				1256EC4620D04D2500652AF0 /* Player.swift */,
			);
			path = Model;
			sourceTree = "<group>";
		};
/* End PBXGroup section */

/* Begin PBXNativeTarget section */
		1269770C20CA070E000C17E0 /* app-swoosh */ = {
			isa = PBXNativeTarget;
			buildConfigurationList = 1269771F20CA070F000C17E0 /* Build configuration list for PBXNativeTarget "app-swoosh" */;
			buildPhases = (
				1269770920CA070E000C17E0 /* Sources */,
				1269770A20CA070E000C17E0 /* Frameworks */,
				1269770B20CA070E000C17E0 /* Resources */,
			);
			buildRules = (
			);
			dependencies = (
			);
			name = "app-swoosh";
			productName = "app-swoosh";
			productReference = 1269770D20CA070E000C17E0 /* app-swoosh.app */;
			productType = "com.apple.product-type.application";
		};
/* End PBXNativeTarget section */

/* Begin PBXProject section */
		1269770520CA070E000C17E0 /* Project object */ = {
			isa = PBXProject;
			attributes = {
				LastSwiftUpdateCheck = 0940;
				LastUpgradeCheck = 0940;
				ORGANIZATIONNAME = "Chris Magnemi";
				TargetAttributes = {
					1269770C20CA070E000C17E0 = {
						CreatedOnToolsVersion = 9.4;
					};
				};
			};
			buildConfigurationList = 1269770820CA070E000C17E0 /* Build configuration list for PBXProject "app-swoosh" */;
			compatibilityVersion = "Xcode 9.3";
			developmentRegion = en;
			hasScannedForEncodings = 0;
			knownRegions = (
				en,
				Base,
			);
			mainGroup = 1269770420CA070E000C17E0;
			productRefGroup = 1269770E20CA070E000C17E0 /* Products */;
			projectDirPath = "";
			projectRoot = "";
			targets = (
				1269770C20CA070E000C17E0 /* app-swoosh */,
			);
		};
/* End PBXProject section */

/* Begin PBXResourcesBuildPhase section */
		1269770B20CA070E000C17E0 /* Resources */ = {
			isa = PBXResourcesBuildPhase;
			buildActionMask = 2147483647;
			files = (
				1269771B20CA070F000C17E0 /* LaunchScreen.storyboard in Resources */,
				1269771820CA070F000C17E0 /* Assets.xcassets in Resources */,
				1269771620CA070E000C17E0 /* Main.storyboard in Resources */,
			);
			runOnlyForDeploymentPostprocessing = 0;
		};
/* End PBXResourcesBuildPhase section */

/* Begin PBXSourcesBuildPhase section */
		1269770920CA070E000C17E0 /* Sources */ = {
			isa = PBXSourcesBuildPhase;
			buildActionMask = 2147483647;
			files = (
				1269771320CA070E000C17E0 /* WelcomeScreenVC.swift in Sources */,
				12A8934920CF74D20078D12C /* LeagueVC.swift in Sources */,
				1269771120CA070E000C17E0 /* AppDelegate.swift in Sources */,
				12A8934B20CF74E20078D12C /* SkillVC.swift in Sources */,
				1256EC4720D04D2500652AF0 /* Player.swift in Sources */,
				1269772420CA0CAB000C17E0 /* BorderButton.swift in Sources */,
			);
			runOnlyForDeploymentPostprocessing = 0;
		};
/* End PBXSourcesBuildPhase section */

/* Begin PBXVariantGroup section */
		1269771420CA070E000C17E0 /* Main.storyboard */ = {
			isa = PBXVariantGroup;
			children = (
				1269771520CA070E000C17E0 /* Base */,
			);
			name = Main.storyboard;
			sourceTree = "<group>";
		};
		1269771920CA070F000C17E0 /* LaunchScreen.storyboard */ = {
			isa = PBXVariantGroup;
			children = (
				1269771A20CA070F000C17E0 /* Base */,
			);
			name = LaunchScreen.storyboard;
			sourceTree = "<group>";
		};
/* End PBXVariantGroup section */

/* Begin XCBuildConfiguration section */
		1269771D20CA070F000C17E0 /* Debug */ = {
			isa = XCBuildConfiguration;
			buildSettings = {
				ALWAYS_SEARCH_USER_PATHS = NO;
				CLANG_ANALYZER_NONNULL = YES;
				CLANG_ANALYZER_NUMBER_OBJECT_CONVERSION = YES_AGGRESSIVE;
				CLANG_CXX_LANGUAGE_STANDARD = "gnu++14";
				CLANG_CXX_LIBRARY = "libc++";
				CLANG_ENABLE_MODULES = YES;
				CLANG_ENABLE_OBJC_ARC = YES;
				CLANG_ENABLE_OBJC_WEAK = YES;
				CLANG_WARN_BLOCK_CAPTURE_AUTORELEASING = YES;
				CLANG_WARN_BOOL_CONVERSION = YES;
				CLANG_WARN_COMMA = YES;
				CLANG_WARN_CONSTANT_CONVERSION = YES;
				CLANG_WARN_DEPRECATED_OBJC_IMPLEMENTATIONS = YES;
				CLANG_WARN_DIRECT_OBJC_ISA_USAGE = YES_ERROR;
				CLANG_WARN_DOCUMENTATION_COMMENTS = YES;
				CLANG_WARN_EMPTY_BODY = YES;
				CLANG_WARN_ENUM_CONVERSION = YES;
				CLANG_WARN_INFINITE_RECURSION = YES;
				CLANG_WARN_INT_CONVERSION = YES;
				CLANG_WARN_NON_LITERAL_NULL_CONVERSION = YES;
				CLANG_WARN_OBJC_IMPLICIT_RETAIN_SELF = YES;
				CLANG_WARN_OBJC_LITERAL_CONVERSION = YES;
				CLANG_WARN_OBJC_ROOT_CLASS = YES_ERROR;
				CLANG_WARN_RANGE_LOOP_ANALYSIS = YES;
				CLANG_WARN_STRICT_PROTOTYPES = YES;
				CLANG_WARN_SUSPICIOUS_MOVE = YES;
				CLANG_WARN_UNGUARDED_AVAILABILITY = YES_AGGRESSIVE;
				CLANG_WARN_UNREACHABLE_CODE = YES;
				CLANG_WARN__DUPLICATE_METHOD_MATCH = YES;
				CODE_SIGN_IDENTITY = "iPhone Developer";
				COPY_PHASE_STRIP = NO;
				DEBUG_INFORMATION_FORMAT = dwarf;
				ENABLE_STRICT_OBJC_MSGSEND = YES;
				ENABLE_TESTABILITY = YES;
				GCC_C_LANGUAGE_STANDARD = gnu11;
				GCC_DYNAMIC_NO_PIC = NO;
				GCC_NO_COMMON_BLOCKS = YES;
				GCC_OPTIMIZATION_LEVEL = 0;
				GCC_PREPROCESSOR_DEFINITIONS = (
					"DEBUG=1",
					"$(inherited)",
				);
				GCC_WARN_64_TO_32_BIT_CONVERSION = YES;
				GCC_WARN_ABOUT_RETURN_TYPE = YES_ERROR;
				GCC_WARN_UNDECLARED_SELECTOR = YES;
				GCC_WARN_UNINITIALIZED_AUTOS = YES_AGGRESSIVE;
				GCC_WARN_UNUSED_FUNCTION = YES;
				GCC_WARN_UNUSED_VARIABLE = YES;
				IPHONEOS_DEPLOYMENT_TARGET = 11.4;
				MTL_ENABLE_DEBUG_INFO = YES;
				ONLY_ACTIVE_ARCH = YES;
				SDKROOT = iphoneos;
				SWIFT_ACTIVE_COMPILATION_CONDITIONS = DEBUG;
				SWIFT_OPTIMIZATION_LEVEL = "-Onone";
			};
			name = Debug;
		};
		1269771E20CA070F000C17E0 /* Release */ = {
			isa = XCBuildConfiguration;
			buildSettings = {
				ALWAYS_SEARCH_USER_PATHS = NO;
				CLANG_ANALYZER_NONNULL = YES;
				CLANG_ANALYZER_NUMBER_OBJECT_CONVERSION = YES_AGGRESSIVE;
				CLANG_CXX_LANGUAGE_STANDARD = "gnu++14";
				CLANG_CXX_LIBRARY = "libc++";
				CLANG_ENABLE_MODULES = YES;
				CLANG_ENABLE_OBJC_ARC = YES;
				CLANG_ENABLE_OBJC_WEAK = YES;
				CLANG_WARN_BLOCK_CAPTURE_AUTORELEASING = YES;
				CLANG_WARN_BOOL_CONVERSION = YES;
				CLANG_WARN_COMMA = YES;
				CLANG_WARN_CONSTANT_CONVERSION = YES;
				CLANG_WARN_DEPRECATED_OBJC_IMPLEMENTATIONS = YES;
				CLANG_WARN_DIRECT_OBJC_ISA_USAGE = YES_ERROR;
				CLANG_WARN_DOCUMENTATION_COMMENTS = YES;
				CLANG_WARN_EMPTY_BODY = YES;
				CLANG_WARN_ENUM_CONVERSION = YES;
				CLANG_WARN_INFINITE_RECURSION = YES;
				CLANG_WARN_INT_CONVERSION = YES;
				CLANG_WARN_NON_LITERAL_NULL_CONVERSION = YES;
				CLANG_WARN_OBJC_IMPLICIT_RETAIN_SELF = YES;
				CLANG_WARN_OBJC_LITERAL_CONVERSION = YES;
				CLANG_WARN_OBJC_ROOT_CLASS = YES_ERROR;
				CLANG_WARN_RANGE_LOOP_ANALYSIS = YES;
				CLANG_WARN_STRICT_PROTOTYPES = YES;
				CLANG_WARN_SUSPICIOUS_MOVE = YES;
				CLANG_WARN_UNGUARDED_AVAILABILITY = YES_AGGRESSIVE;
				CLANG_WARN_UNREACHABLE_CODE = YES;
				CLANG_WARN__DUPLICATE_METHOD_MATCH = YES;
				CODE_SIGN_IDENTITY = "iPhone Developer";
				COPY_PHASE_STRIP = NO;
				DEBUG_INFORMATION_FORMAT = "dwarf-with-dsym";
				ENABLE_NS_ASSERTIONS = NO;
				ENABLE_STRICT_OBJC_MSGSEND = YES;
				GCC_C_LANGUAGE_STANDARD = gnu11;
				GCC_NO_COMMON_BLOCKS = YES;
				GCC_WARN_64_TO_32_BIT_CONVERSION = YES;
				GCC_WARN_ABOUT_RETURN_TYPE = YES_ERROR;
				GCC_WARN_UNDECLARED_SELECTOR = YES;
				GCC_WARN_UNINITIALIZED_AUTOS = YES_AGGRESSIVE;
				GCC_WARN_UNUSED_FUNCTION = YES;
				GCC_WARN_UNUSED_VARIABLE = YES;
				IPHONEOS_DEPLOYMENT_TARGET = 11.4;
				MTL_ENABLE_DEBUG_INFO = NO;
				SDKROOT = iphoneos;
				SWIFT_COMPILATION_MODE = wholemodule;
				SWIFT_OPTIMIZATION_LEVEL = "-O";
				VALIDATE_PRODUCT = YES;
			};
			name = Release;
		};
		1269772020CA070F000C17E0 /* Debug */ = {
			isa = XCBuildConfiguration;
			buildSettings = {
				ASSETCATALOG_COMPILER_APPICON_NAME = AppIcon;
				CODE_SIGN_STYLE = Automatic;
				DEVELOPMENT_TEAM = 8C9HBWR764;
				INFOPLIST_FILE = "app-swoosh/Info.plist";
				LD_RUNPATH_SEARCH_PATHS = (
					"$(inherited)",
					"@executable_path/Frameworks",
				);
				PRODUCT_BUNDLE_IDENTIFIER = "ChrisLearningiOS.app-swoosh";
				PRODUCT_NAME = "$(TARGET_NAME)";
				SWIFT_VERSION = 4.0;
				TARGETED_DEVICE_FAMILY = "1,2";
			};
			name = Debug;
		};
		1269772120CA070F000C17E0 /* Release */ = {
			isa = XCBuildConfiguration;
			buildSettings = {
				ASSETCATALOG_COMPILER_APPICON_NAME = AppIcon;
				CODE_SIGN_STYLE = Automatic;
				DEVELOPMENT_TEAM = 8C9HBWR764;
				INFOPLIST_FILE = "app-swoosh/Info.plist";
				LD_RUNPATH_SEARCH_PATHS = (
					"$(inherited)",
					"@executable_path/Frameworks",
				);
				PRODUCT_BUNDLE_IDENTIFIER = "ChrisLearningiOS.app-swoosh";
				PRODUCT_NAME = "$(TARGET_NAME)";
				SWIFT_VERSION = 4.0;
				TARGETED_DEVICE_FAMILY = "1,2";
			};
			name = Release;
		};
/* End XCBuildConfiguration section */

/* Begin XCConfigurationList section */
		1269770820CA070E000C17E0 /* Build configuration list for PBXProject "app-swoosh" */ = {
			isa = XCConfigurationList;
			buildConfigurations = (
				1269771D20CA070F000C17E0 /* Debug */,
				1269771E20CA070F000C17E0 /* Release */,
			);
			defaultConfigurationIsVisible = 0;
			defaultConfigurationName = Release;
		};
		1269771F20CA070F000C17E0 /* Build configuration list for PBXNativeTarget "app-swoosh" */ = {
			isa = XCConfigurationList;
			buildConfigurations = (
				1269772020CA070F000C17E0 /* Debug */,
				1269772120CA070F000C17E0 /* Release */,
			);
			defaultConfigurationIsVisible = 0;
			defaultConfigurationName = Release;
		};
/* End XCConfigurationList section */
	};
	rootObject = 1269770520CA070E000C17E0 /* Project object */;
}
